
Microsoft Visual Studio Solution File, Format Version 12.00
# Visual Studio Version 16
VisualStudioVersion = 16.0.30717.126
MinimumVisualStudioVersion = 10.0.40219.1
Project("{FAE04EC0-301F-11D3-BF4B-00C04F79EFBC}") = "SimplexMethod1", "SimplexMethod1.csproj", "{087EA7C1-15DA-42A6-A0E2-EA9C16DC0BF7}"
EndProject
Global
	GlobalSection(SolutionConfigurationPlatforms) = preSolution
		Debug|Any CPU = Debug|Any CPU
		Release|Any CPU = Release|Any CPU
	EndGlobalSection
	GlobalSection(ProjectConfigurationPlatforms) = postSolution
		{087EA7C1-15DA-42A6-A0E2-EA9C16DC0BF7}.Debug|Any CPU.ActiveCfg = Debug|Any CPU
		{087EA7C1-15DA-42A6-A0E2-EA9C16DC0BF7}.Debug|Any CPU.Build.0 = Debug|Any CPU
		{087EA7C1-15DA-42A6-A0E2-EA9C16DC0BF7}.Release|Any CPU.ActiveCfg = Release|Any CPU
		{087EA7C1-15DA-42A6-A0E2-EA9C16DC0BF7}.Release|Any CPU.Build.0 = Release|Any CPU
	EndGlobalSection
	GlobalSection(SolutionProperties) = preSolution
		HideSolutionNode = FALSE
	EndGlobalSection
	GlobalSection(ExtensibilityGlobals) = postSolution
		SolutionGuid = {73E3C407-BE6C-4BD0-B597-946D9BC9AFC3}
	EndGlobalSection
EndGlobal
